
Microsoft Visual Studio Solution File, Format Version 12.00
# Visual Studio 15
VisualStudioVersion = 15.0.27703.2042
MinimumVisualStudioVersion = 10.0.40219.1
Project("{8BC9CEB8-8B4A-11D0-8D11-00A0C91BC942}") = "KillAV", "KillAV\KillAV.vcxproj", "{1FF225C4-259F-402D-A798-2222BB98F4FD}"
EndProject
Global
	GlobalSection(SolutionConfigurationPlatforms) = preSolution
		Debug|x64 = Debug|x64
		Debug|x86 = Debug|x86
		Release|x64 = Release|x64
		Release|x86 = Release|x86
	EndGlobalSection
	GlobalSection(ProjectConfigurationPlatforms) = postSolution
		{1FF225C4-259F-402D-A798-2222BB98F4FD}.Debug|x64.ActiveCfg = Debug|x64
		{1FF225C4-259F-402D-A798-2222BB98F4FD}.Debug|x64.Build.0 = Debug|x64
		{1FF225C4-259F-402D-A798-2222BB98F4FD}.Debug|x86.ActiveCfg = Debug|Win32
		{1FF225C4-259F-402D-A798-2222BB98F4FD}.Debug|x86.Build.0 = Debug|Win32
		{1FF225C4-259F-402D-A798-2222BB98F4FD}.Release|x64.ActiveCfg = Release|x64
		{1FF225C4-259F-402D-A798-2222BB98F4FD}.Release|x64.Build.0 = Release|x64
		{1FF225C4-259F-402D-A798-2222BB98F4FD}.Release|x86.ActiveCfg = Release|Win32
		{1FF225C4-259F-402D-A798-2222BB98F4FD}.Release|x86.Build.0 = Release|Win32
	EndGlobalSection
	GlobalSection(SolutionProperties) = preSolution
		HideSolutionNode = FALSE
	EndGlobalSection
	GlobalSection(ExtensibilityGlobals) = postSolution
		SolutionGuid = {02519FC3-4A41-47AF-AD9F-3C54F5766ECF}
	EndGlobalSection
EndGlobal
